
Microsoft Visual Studio Solution File, Format Version 12.00
# Visual Studio Version 17
VisualStudioVersion = 17.0.32112.339
MinimumVisualStudioVersion = 10.0.40219.1
Project("{8BC9CEB8-8B4A-11D0-8D11-00A0C91BC942}") = "Diet", "Diet\Diet.vcxproj", "{0F391753-4D24-45E8-991C-03D8803ECE46}"
EndProject
Global
	GlobalSection(SolutionConfigurationPlatforms) = preSolution
		Debug|x64 = Debug|x64
		Debug|x86 = Debug|x86
		Release|x64 = Release|x64
		Release|x86 = Release|x86
	EndGlobalSection
	GlobalSection(ProjectConfigurationPlatforms) = postSolution
		{0F391753-4D24-45E8-991C-03D8803ECE46}.Debug|x64.ActiveCfg = Debug|x64
		{0F391753-4D24-45E8-991C-03D8803ECE46}.Debug|x64.Build.0 = Debug|x64
		{0F391753-4D24-45E8-991C-03D8803ECE46}.Debug|x86.ActiveCfg = Debug|Win32
		{0F391753-4D24-45E8-991C-03D8803ECE46}.Debug|x86.Build.0 = Debug|Win32
		{0F391753-4D24-45E8-991C-03D8803ECE46}.Release|x64.ActiveCfg = Release|x64
		{0F391753-4D24-45E8-991C-03D8803ECE46}.Release|x64.Build.0 = Release|x64
		{0F391753-4D24-45E8-991C-03D8803ECE46}.Release|x86.ActiveCfg = Release|Win32
		{0F391753-4D24-45E8-991C-03D8803ECE46}.Release|x86.Build.0 = Release|Win32
	EndGlobalSection
	GlobalSection(SolutionProperties) = preSolution
		HideSolutionNode = FALSE
	EndGlobalSection
	GlobalSection(ExtensibilityGlobals) = postSolution
		SolutionGuid = {BF07FC9B-9D47-47EE-80D3-4104B733FF12}
	EndGlobalSection
EndGlobal
